
Microsoft Visual Studio Solution File, Format Version 12.00
# Visual Studio Version 16
VisualStudioVersion = 25.0.1706.5
MinimumVisualStudioVersion = 10.0.40219.1
Project("{FAE04EC0-301F-11D3-BF4B-00C04F79EFBC}") = "Domain", "Domain\Domain.csproj", "{5859FDD3-0DD2-48FA-BF61-4A074EDF264A}"
EndProject
Project("{FAE04EC0-301F-11D3-BF4B-00C04F79EFBC}") = "Application", "Application\Application.csproj", "{C02EFF9F-D777-4085-A74A-85614CC0B9C6}"
EndProject
Project("{FAE04EC0-301F-11D3-BF4B-00C04F79EFBC}") = "Infra.Data", "Infra.Data\Infra.Data.csproj", "{AAF09B23-41CB-499D-BA49-4FD6C33BA996}"
EndProject
Project("{FAE04EC0-301F-11D3-BF4B-00C04F79EFBC}") = "Api", "Api\Api.csproj", "{21BAAE0D-271E-458E-A2D7-37B43E23A0A1}"
EndProject
Project("{FAE04EC0-301F-11D3-BF4B-00C04F79EFBC}") = "Infra.Ioc", "Infra.Ioc\Infra.Ioc.csproj", "{7C5E7275-0B56-4B2E-8091-7BBD45818FEA}"
EndProject
Global
	GlobalSection(SolutionConfigurationPlatforms) = preSolution
		Debug|Any CPU = Debug|Any CPU
		Release|Any CPU = Release|Any CPU
	EndGlobalSection
	GlobalSection(ProjectConfigurationPlatforms) = postSolution
		{5859FDD3-0DD2-48FA-BF61-4A074EDF264A}.Debug|Any CPU.ActiveCfg = Debug|Any CPU
		{5859FDD3-0DD2-48FA-BF61-4A074EDF264A}.Debug|Any CPU.Build.0 = Debug|Any CPU
		{5859FDD3-0DD2-48FA-BF61-4A074EDF264A}.Release|Any CPU.ActiveCfg = Release|Any CPU
		{5859FDD3-0DD2-48FA-BF61-4A074EDF264A}.Release|Any CPU.Build.0 = Release|Any CPU
		{C02EFF9F-D777-4085-A74A-85614CC0B9C6}.Debug|Any CPU.ActiveCfg = Debug|Any CPU
		{C02EFF9F-D777-4085-A74A-85614CC0B9C6}.Debug|Any CPU.Build.0 = Debug|Any CPU
		{C02EFF9F-D777-4085-A74A-85614CC0B9C6}.Release|Any CPU.ActiveCfg = Release|Any CPU
		{C02EFF9F-D777-4085-A74A-85614CC0B9C6}.Release|Any CPU.Build.0 = Release|Any CPU
		{AAF09B23-41CB-499D-BA49-4FD6C33BA996}.Debug|Any CPU.ActiveCfg = Debug|Any CPU
		{AAF09B23-41CB-499D-BA49-4FD6C33BA996}.Debug|Any CPU.Build.0 = Debug|Any CPU
		{AAF09B23-41CB-499D-BA49-4FD6C33BA996}.Release|Any CPU.ActiveCfg = Release|Any CPU
		{AAF09B23-41CB-499D-BA49-4FD6C33BA996}.Release|Any CPU.Build.0 = Release|Any CPU
		{21BAAE0D-271E-458E-A2D7-37B43E23A0A1}.Debug|Any CPU.ActiveCfg = Debug|Any CPU
		{21BAAE0D-271E-458E-A2D7-37B43E23A0A1}.Debug|Any CPU.Build.0 = Debug|Any CPU
		{21BAAE0D-271E-458E-A2D7-37B43E23A0A1}.Release|Any CPU.ActiveCfg = Release|Any CPU
		{21BAAE0D-271E-458E-A2D7-37B43E23A0A1}.Release|Any CPU.Build.0 = Release|Any CPU
		{7C5E7275-0B56-4B2E-8091-7BBD45818FEA}.Debug|Any CPU.ActiveCfg = Debug|Any CPU
		{7C5E7275-0B56-4B2E-8091-7BBD45818FEA}.Debug|Any CPU.Build.0 = Debug|Any CPU
		{7C5E7275-0B56-4B2E-8091-7BBD45818FEA}.Release|Any CPU.ActiveCfg = Release|Any CPU
		{7C5E7275-0B56-4B2E-8091-7BBD45818FEA}.Release|Any CPU.Build.0 = Release|Any CPU
	EndGlobalSection
	GlobalSection(SolutionProperties) = preSolution
		HideSolutionNode = FALSE
	EndGlobalSection
	GlobalSection(ExtensibilityGlobals) = postSolution
		SolutionGuid = {0C085267-E611-4F4D-9A8C-708ED9BE17B5}
	EndGlobalSection
EndGlobal
